
Microsoft Visual Studio Solution File, Format Version 12.00
# Visual Studio Version 17
VisualStudioVersion = 17.14.36623.8
MinimumVisualStudioVersion = 10.0.40219.1
Project("{FAE04EC0-301F-11D3-BF4B-00C04F79EFBC}") = "WebResume", "WebResume\WebResume.csproj", "{458DF462-F972-42F9-B64C-D8C24A127D9E}"
EndProject
Project("{2150E333-8FDC-42A3-9474-1A3956D46DE8}") = "Элементы решения", "Элементы решения", "{754FC069-D67B-A9D7-50A1-8D1CA196D8F1}"
	ProjectSection(SolutionItems) = preProject
		.gitignore = .gitignore
		nlog.config = nlog.config
	EndProjectSection
EndProject
Project("{FAE04EC0-301F-11D3-BF4B-00C04F79EFBC}") = "Contracts", "Contracts\Contracts.csproj", "{C7C4893C-1C22-42D2-9AB5-BD1934BF4E83}"
EndProject
Project("{FAE04EC0-301F-11D3-BF4B-00C04F79EFBC}") = "LoggerService", "LoggerService\LoggerService.csproj", "{3A54AE34-9B7F-44FE-B8EA-EDA2736C3692}"
EndProject
Project("{FAE04EC0-301F-11D3-BF4B-00C04F79EFBC}") = "Entites", "Entites\Entites.csproj", "{861B219E-EFA7-4686-8E1F-A77AB996FB59}"
EndProject
Project("{FAE04EC0-301F-11D3-BF4B-00C04F79EFBC}") = "Repository", "Repository\Repository.csproj", "{5EE04124-453E-48D9-B8A5-57F5025DF907}"
EndProject
Project("{FAE04EC0-301F-11D3-BF4B-00C04F79EFBC}") = "Service.Contracts", "Service.Contracts\Service.Contracts.csproj", "{8AE5F093-152E-4F0B-9198-F3EBD8244285}"
EndProject
Project("{FAE04EC0-301F-11D3-BF4B-00C04F79EFBC}") = "Service", "Service\Service.csproj", "{630223CD-297D-486D-A079-9E936D3827DC}"
EndProject
Project("{FAE04EC0-301F-11D3-BF4B-00C04F79EFBC}") = "WebResume.Presentation", "WebResume.Presentation\WebResume.Presentation.csproj", "{AB774C53-2B0D-4B70-AABF-369123267A9D}"
EndProject
Project("{FAE04EC0-301F-11D3-BF4B-00C04F79EFBC}") = "Shared", "Shared\Shared.csproj", "{B63D0E1F-E6AD-4C5C-BEE3-2322982CCB76}"
EndProject
Global
	GlobalSection(SolutionConfigurationPlatforms) = preSolution
		Debug|Any CPU = Debug|Any CPU
		Release|Any CPU = Release|Any CPU
	EndGlobalSection
	GlobalSection(ProjectConfigurationPlatforms) = postSolution
		{458DF462-F972-42F9-B64C-D8C24A127D9E}.Debug|Any CPU.ActiveCfg = Debug|Any CPU
		{458DF462-F972-42F9-B64C-D8C24A127D9E}.Debug|Any CPU.Build.0 = Debug|Any CPU
		{458DF462-F972-42F9-B64C-D8C24A127D9E}.Release|Any CPU.ActiveCfg = Release|Any CPU
		{458DF462-F972-42F9-B64C-D8C24A127D9E}.Release|Any CPU.Build.0 = Release|Any CPU
		{C7C4893C-1C22-42D2-9AB5-BD1934BF4E83}.Debug|Any CPU.ActiveCfg = Debug|Any CPU
		{C7C4893C-1C22-42D2-9AB5-BD1934BF4E83}.Debug|Any CPU.Build.0 = Debug|Any CPU
		{C7C4893C-1C22-42D2-9AB5-BD1934BF4E83}.Release|Any CPU.ActiveCfg = Release|Any CPU
		{C7C4893C-1C22-42D2-9AB5-BD1934BF4E83}.Release|Any CPU.Build.0 = Release|Any CPU
		{3A54AE34-9B7F-44FE-B8EA-EDA2736C3692}.Debug|Any CPU.ActiveCfg = Debug|Any CPU
		{3A54AE34-9B7F-44FE-B8EA-EDA2736C3692}.Debug|Any CPU.Build.0 = Debug|Any CPU
		{3A54AE34-9B7F-44FE-B8EA-EDA2736C3692}.Release|Any CPU.ActiveCfg = Release|Any CPU
		{3A54AE34-9B7F-44FE-B8EA-EDA2736C3692}.Release|Any CPU.Build.0 = Release|Any CPU
		{861B219E-EFA7-4686-8E1F-A77AB996FB59}.Debug|Any CPU.ActiveCfg = Debug|Any CPU
		{861B219E-EFA7-4686-8E1F-A77AB996FB59}.Debug|Any CPU.Build.0 = Debug|Any CPU
		{861B219E-EFA7-4686-8E1F-A77AB996FB59}.Release|Any CPU.ActiveCfg = Release|Any CPU
		{861B219E-EFA7-4686-8E1F-A77AB996FB59}.Release|Any CPU.Build.0 = Release|Any CPU
		{5EE04124-453E-48D9-B8A5-57F5025DF907}.Debug|Any CPU.ActiveCfg = Debug|Any CPU
		{5EE04124-453E-48D9-B8A5-57F5025DF907}.Debug|Any CPU.Build.0 = Debug|Any CPU
		{5EE04124-453E-48D9-B8A5-57F5025DF907}.Release|Any CPU.ActiveCfg = Release|Any CPU
		{5EE04124-453E-48D9-B8A5-57F5025DF907}.Release|Any CPU.Build.0 = Release|Any CPU
		{8AE5F093-152E-4F0B-9198-F3EBD8244285}.Debug|Any CPU.ActiveCfg = Debug|Any CPU
		{8AE5F093-152E-4F0B-9198-F3EBD8244285}.Debug|Any CPU.Build.0 = Debug|Any CPU
		{8AE5F093-152E-4F0B-9198-F3EBD8244285}.Release|Any CPU.ActiveCfg = Release|Any CPU
		{8AE5F093-152E-4F0B-9198-F3EBD8244285}.Release|Any CPU.Build.0 = Release|Any CPU
		{630223CD-297D-486D-A079-9E936D3827DC}.Debug|Any CPU.ActiveCfg = Debug|Any CPU
		{630223CD-297D-486D-A079-9E936D3827DC}.Debug|Any CPU.Build.0 = Debug|Any CPU
		{630223CD-297D-486D-A079-9E936D3827DC}.Release|Any CPU.ActiveCfg = Release|Any CPU
		{630223CD-297D-486D-A079-9E936D3827DC}.Release|Any CPU.Build.0 = Release|Any CPU
		{AB774C53-2B0D-4B70-AABF-369123267A9D}.Debug|Any CPU.ActiveCfg = Debug|Any CPU
		{AB774C53-2B0D-4B70-AABF-369123267A9D}.Debug|Any CPU.Build.0 = Debug|Any CPU
		{AB774C53-2B0D-4B70-AABF-369123267A9D}.Release|Any CPU.ActiveCfg = Release|Any CPU
		{AB774C53-2B0D-4B70-AABF-369123267A9D}.Release|Any CPU.Build.0 = Release|Any CPU
		{B63D0E1F-E6AD-4C5C-BEE3-2322982CCB76}.Debug|Any CPU.ActiveCfg = Debug|Any CPU
		{B63D0E1F-E6AD-4C5C-BEE3-2322982CCB76}.Debug|Any CPU.Build.0 = Debug|Any CPU
		{B63D0E1F-E6AD-4C5C-BEE3-2322982CCB76}.Release|Any CPU.ActiveCfg = Release|Any CPU
		{B63D0E1F-E6AD-4C5C-BEE3-2322982CCB76}.Release|Any CPU.Build.0 = Release|Any CPU
	EndGlobalSection
	GlobalSection(SolutionProperties) = preSolution
		HideSolutionNode = FALSE
	EndGlobalSection
	GlobalSection(ExtensibilityGlobals) = postSolution
		SolutionGuid = {23DA5E57-2476-4DE5-8119-6F84D490283E}
	EndGlobalSection
EndGlobal
